
Microsoft Visual Studio Solution File, Format Version 12.00
# Visual Studio Version 16
VisualStudioVersion = 16.0.31410.357
MinimumVisualStudioVersion = 10.0.40219.1
Project("{FAE04EC0-301F-11D3-BF4B-00C04F79EFBC}") = "CPU_ProcessCoordinationAlgorithm", "CPU_ProcessCoordinationAlgorithm\CPU_ProcessCoordinationAlgorithm.csproj", "{B3DABC71-BDC4-45EF-A4BC-3EE76F5974FF}"
EndProject
Global
	GlobalSection(SolutionConfigurationPlatforms) = preSolution
		Debug|Any CPU = Debug|Any CPU
		Release|Any CPU = Release|Any CPU
	EndGlobalSection
	GlobalSection(ProjectConfigurationPlatforms) = postSolution
		{B3DABC71-BDC4-45EF-A4BC-3EE76F5974FF}.Debug|Any CPU.ActiveCfg = Debug|Any CPU
		{B3DABC71-BDC4-45EF-A4BC-3EE76F5974FF}.Debug|Any CPU.Build.0 = Debug|Any CPU
		{B3DABC71-BDC4-45EF-A4BC-3EE76F5974FF}.Release|Any CPU.ActiveCfg = Release|Any CPU
		{B3DABC71-BDC4-45EF-A4BC-3EE76F5974FF}.Release|Any CPU.Build.0 = Release|Any CPU
	EndGlobalSection
	GlobalSection(SolutionProperties) = preSolution
		HideSolutionNode = FALSE
	EndGlobalSection
	GlobalSection(ExtensibilityGlobals) = postSolution
		SolutionGuid = {FEC6D63D-553F-4352-982A-A9AD7F31A7A7}
	EndGlobalSection
EndGlobal
